
Microsoft Visual Studio Solution File, Format Version 12.00
# Visual Studio Version 16
VisualStudioVersion = 16.0.30114.105
MinimumVisualStudioVersion = 10.0.40219.1
Project("{FAE04EC0-301F-11D3-BF4B-00C04F79EFBC}") = "Dafda.Gendis.App", "Dafda.Gendis.App\Dafda.Gendis.App.csproj", "{63FD93AB-2245-4F1C-879C-CF935E484FB4}"
EndProject
Project("{FAE04EC0-301F-11D3-BF4B-00C04F79EFBC}") = "Dafda.Gendis.Tests", "Dafda.Gendis.Tests\Dafda.Gendis.Tests.csproj", "{64E3C4A1-2225-4079-890C-DDE1E156F68E}"
EndProject
Global
	GlobalSection(SolutionConfigurationPlatforms) = preSolution
		Debug|Any CPU = Debug|Any CPU
		Release|Any CPU = Release|Any CPU
	EndGlobalSection
	GlobalSection(SolutionProperties) = preSolution
		HideSolutionNode = FALSE
	EndGlobalSection
	GlobalSection(ProjectConfigurationPlatforms) = postSolution
		{63FD93AB-2245-4F1C-879C-CF935E484FB4}.Debug|Any CPU.ActiveCfg = Debug|Any CPU
		{63FD93AB-2245-4F1C-879C-CF935E484FB4}.Debug|Any CPU.Build.0 = Debug|Any CPU
		{63FD93AB-2245-4F1C-879C-CF935E484FB4}.Release|Any CPU.ActiveCfg = Release|Any CPU
		{63FD93AB-2245-4F1C-879C-CF935E484FB4}.Release|Any CPU.Build.0 = Release|Any CPU
		{64E3C4A1-2225-4079-890C-DDE1E156F68E}.Debug|Any CPU.ActiveCfg = Debug|Any CPU
		{64E3C4A1-2225-4079-890C-DDE1E156F68E}.Debug|Any CPU.Build.0 = Debug|Any CPU
		{64E3C4A1-2225-4079-890C-DDE1E156F68E}.Release|Any CPU.ActiveCfg = Release|Any CPU
		{64E3C4A1-2225-4079-890C-DDE1E156F68E}.Release|Any CPU.Build.0 = Release|Any CPU
	EndGlobalSection
EndGlobal
